
Microsoft Visual Studio Solution File, Format Version 12.00
Project("{FAE04EC0-301F-11D3-BF4B-00C04F79EFBC}") = "laboratorul4", "laboratorul4\laboratorul4.csproj", "{D17A99D6-9BF2-478B-BBC3-104EE8AB80BD}"
EndProject
Global
	GlobalSection(SolutionConfigurationPlatforms) = preSolution
		Debug|Any CPU = Debug|Any CPU
		Release|Any CPU = Release|Any CPU
	EndGlobalSection
	GlobalSection(ProjectConfigurationPlatforms) = postSolution
		{D17A99D6-9BF2-478B-BBC3-104EE8AB80BD}.Debug|Any CPU.ActiveCfg = Debug|Any CPU
		{D17A99D6-9BF2-478B-BBC3-104EE8AB80BD}.Debug|Any CPU.Build.0 = Debug|Any CPU
		{D17A99D6-9BF2-478B-BBC3-104EE8AB80BD}.Release|Any CPU.ActiveCfg = Release|Any CPU
		{D17A99D6-9BF2-478B-BBC3-104EE8AB80BD}.Release|Any CPU.Build.0 = Release|Any CPU
	EndGlobalSection
EndGlobal
