
Microsoft Visual Studio Solution File, Format Version 12.00
Project("{FAE04EC0-301F-11D3-BF4B-00C04F79EFBC}") = "laboratorul2", "laboratorul2\laboratorul2.csproj", "{B2AD21AF-010A-4988-8256-BFD26114E0E3}"
EndProject
Global
	GlobalSection(SolutionConfigurationPlatforms) = preSolution
		Debug|Any CPU = Debug|Any CPU
		Release|Any CPU = Release|Any CPU
	EndGlobalSection
	GlobalSection(ProjectConfigurationPlatforms) = postSolution
		{B2AD21AF-010A-4988-8256-BFD26114E0E3}.Debug|Any CPU.ActiveCfg = Debug|Any CPU
		{B2AD21AF-010A-4988-8256-BFD26114E0E3}.Debug|Any CPU.Build.0 = Debug|Any CPU
		{B2AD21AF-010A-4988-8256-BFD26114E0E3}.Release|Any CPU.ActiveCfg = Release|Any CPU
		{B2AD21AF-010A-4988-8256-BFD26114E0E3}.Release|Any CPU.Build.0 = Release|Any CPU
	EndGlobalSection
EndGlobal
