
Microsoft Visual Studio Solution File, Format Version 12.00
Project("{FAE04EC0-301F-11D3-BF4B-00C04F79EFBC}") = "laboratorul3", "laboratorul3\laboratorul3.csproj", "{73778F1B-8318-46FF-BE0B-D5F503DFF809}"
EndProject
Global
	GlobalSection(SolutionConfigurationPlatforms) = preSolution
		Debug|Any CPU = Debug|Any CPU
		Release|Any CPU = Release|Any CPU
	EndGlobalSection
	GlobalSection(ProjectConfigurationPlatforms) = postSolution
		{73778F1B-8318-46FF-BE0B-D5F503DFF809}.Debug|Any CPU.ActiveCfg = Debug|Any CPU
		{73778F1B-8318-46FF-BE0B-D5F503DFF809}.Debug|Any CPU.Build.0 = Debug|Any CPU
		{73778F1B-8318-46FF-BE0B-D5F503DFF809}.Release|Any CPU.ActiveCfg = Release|Any CPU
		{73778F1B-8318-46FF-BE0B-D5F503DFF809}.Release|Any CPU.Build.0 = Release|Any CPU
	EndGlobalSection
EndGlobal
